<?xml version="1.0" encoding="utf-8"?>
<Project ToolsVersion="4.0" xmlns="http://schemas.microsoft.com/developer/msbuild/2003">
  <ItemGroup>
    <Filter Include="Quellcodedateien">
      <UniqueIdentifier>{50134d60-f971-474f-99ed-352b147a77f7}</UniqueIdentifier>
      <Extensions>cpp;c;cxx;rc;def;r;odl;idl;hpj;bat</Extensions>
    </Filter>
    <Filter Include="Header-Dateien">
      <UniqueIdentifier>{485c39b2-0791-4865-a849-47fe8abc932a}</UniqueIdentifier>
      <Extensions>h;hpp;hxx;hm;inl</Extensions>
    </Filter>
    <Filter Include="Ressourcendateien">
      <UniqueIdentifier>{3c1894e5-2d43-4ebb-93b1-bf4599a1065a}</UniqueIdentifier>
      <Extensions>ico;cur;bmp;dlg;rc2;rct;bin;rgs;gif;jpg;jpeg;jpe</Extensions>
    </Filter>
  </ItemGroup>
  <ItemGroup>
    <ClCompile Include="CreateSkin.cpp">
      <Filter>Quellcodedateien</Filter>
    </ClCompile>
    <ClCompile Include="cutSphereMove.cpp">
      <Filter>Quellcodedateien</Filter>
    </ClCompile>
    <ClCompile Include="mwArcFunction.cpp">
      <Filter>Quellcodedateien</Filter>
    </ClCompile>
    <ClCompile Include="mwException.cpp">
      <Filter>Quellcodedateien</Filter>
    </ClCompile>
    <ClCompile Include="mwIdxRangeException.cpp">
      <Filter>Quellcodedateien</Filter>
    </ClCompile>
  </ItemGroup>
  <ItemGroup>
    <ClInclude Include="CreateSkin.hpp">
      <Filter>Header-Dateien</Filter>
    </ClInclude>
    <ClInclude Include="mwArcFunction.hpp">
      <Filter>Header-Dateien</Filter>
    </ClInclude>
    <ClInclude Include="mwDiscreteFunction.hpp">
      <Filter>Header-Dateien</Filter>
    </ClInclude>
    <ClInclude Include="mwException.hpp">
      <Filter>Header-Dateien</Filter>
    </ClInclude>
    <ClInclude Include="mwIdxRangeException.hpp">
      <Filter>Header-Dateien</Filter>
    </ClInclude>
    <ClInclude Include="mwTPoint3d.hpp">
      <Filter>Header-Dateien</Filter>
    </ClInclude>
  </ItemGroup>
</Project>